
Microsoft Visual Studio Solution File, Format Version 12.00
# Visual Studio Version 17
VisualStudioVersion = 17.10.34928.147
MinimumVisualStudioVersion = 10.0.40219.1
Project("{9A19103F-16F7-4668-BE54-9A1E7A4F7556}") = "ConsoleApp.OutputDemo", "ConsoleApp.OutputDemo\ConsoleApp.OutputDemo.csproj", "{789F9713-25C3-47B5-B3EF-9C966FFA9FF2}"
EndProject
Project("{9A19103F-16F7-4668-BE54-9A1E7A4F7556}") = "ConsoleApp.VariablesDemo", "ConsoleApp.VariablesDemo\ConsoleApp.VariablesDemo.csproj", "{CF0D6620-9559-49F3-949F-BD6E2ED27967}"
EndProject
Project("{FAE04EC0-301F-11D3-BF4B-00C04F79EFBC}") = "ConsoleApp.UserInputDemo", "ConsoleApp.UserInputDemo\ConsoleApp.UserInputDemo.csproj", "{1771781F-5938-4ED5-9CEC-6A967C3E2059}"
EndProject
Global
	GlobalSection(SolutionConfigurationPlatforms) = preSolution
		Debug|Any CPU = Debug|Any CPU
		Release|Any CPU = Release|Any CPU
	EndGlobalSection
	GlobalSection(ProjectConfigurationPlatforms) = postSolution
		{789F9713-25C3-47B5-B3EF-9C966FFA9FF2}.Debug|Any CPU.ActiveCfg = Debug|Any CPU
		{789F9713-25C3-47B5-B3EF-9C966FFA9FF2}.Debug|Any CPU.Build.0 = Debug|Any CPU
		{789F9713-25C3-47B5-B3EF-9C966FFA9FF2}.Release|Any CPU.ActiveCfg = Release|Any CPU
		{789F9713-25C3-47B5-B3EF-9C966FFA9FF2}.Release|Any CPU.Build.0 = Release|Any CPU
		{CF0D6620-9559-49F3-949F-BD6E2ED27967}.Debug|Any CPU.ActiveCfg = Debug|Any CPU
		{CF0D6620-9559-49F3-949F-BD6E2ED27967}.Debug|Any CPU.Build.0 = Debug|Any CPU
		{CF0D6620-9559-49F3-949F-BD6E2ED27967}.Release|Any CPU.ActiveCfg = Release|Any CPU
		{CF0D6620-9559-49F3-949F-BD6E2ED27967}.Release|Any CPU.Build.0 = Release|Any CPU
		{1771781F-5938-4ED5-9CEC-6A967C3E2059}.Debug|Any CPU.ActiveCfg = Debug|Any CPU
		{1771781F-5938-4ED5-9CEC-6A967C3E2059}.Debug|Any CPU.Build.0 = Debug|Any CPU
		{1771781F-5938-4ED5-9CEC-6A967C3E2059}.Release|Any CPU.ActiveCfg = Release|Any CPU
		{1771781F-5938-4ED5-9CEC-6A967C3E2059}.Release|Any CPU.Build.0 = Release|Any CPU
	EndGlobalSection
	GlobalSection(SolutionProperties) = preSolution
		HideSolutionNode = FALSE
	EndGlobalSection
	GlobalSection(ExtensibilityGlobals) = postSolution
		SolutionGuid = {173BEEFC-50EB-4B31-9147-1BC4C5BA1DB1}
	EndGlobalSection
EndGlobal
